// !$*UTF8*$!
{
	archiveVersion = 1;
	classes = {
	};
	objectVersion = 46;
	objects = {

/* Begin PBXBuildFile section */
		87B4BDC41F43DAE40099D309 /* main.m in Sources */ = {isa = PBXBuildFile; fileRef = 87B4BDC31F43DAE40099D309 /* main.m */; };
		87B4BDC71F43DAE40099D309 /* AppDelegate.m in Sources */ = {isa = PBXBuildFile; fileRef = 87B4BDC61F43DAE40099D309 /* AppDelegate.m */; };
		87B4BDCA1F43DAE40099D309 /* ViewController.m in Sources */ = {isa = PBXBuildFile; fileRef = 87B4BDC91F43DAE40099D309 /* ViewController.m */; };
		87B4BDCD1F43DAE40099D309 /* Main.storyboard in Resources */ = {isa = PBXBuildFile; fileRef = 87B4BDCB1F43DAE40099D309 /* Main.storyboard */; };
		87B4BDCF1F43DAE40099D309 /* Assets.xcassets in Resources */ = {isa = PBXBuildFile; fileRef = 87B4BDCE1F43DAE40099D309 /* Assets.xcassets */; };
		87B4BDD21F43DAE40099D309 /* LaunchScreen.storyboard in Resources */ = {isa = PBXBuildFile; fileRef = 87B4BDD01F43DAE40099D309 /* LaunchScreen.storyboard */; };
		87B4BDDD1F43DB480099D309 /* ShowCell.m in Sources */ = {isa = PBXBuildFile; fileRef = 87B4BDDA1F43DB480099D309 /* ShowCell.m */; };
		87B4BDDE1F43DB480099D309 /* ShowViewController.m in Sources */ = {isa = PBXBuildFile; fileRef = 87B4BDDC1F43DB480099D309 /* ShowViewController.m */; };
		87B4BDE11F43E1460099D309 /* CYMarkTextView.m in Sources */ = {isa = PBXBuildFile; fileRef = 87B4BDE01F43E1460099D309 /* CYMarkTextView.m */; };
/* End PBXBuildFile section */

/* Begin PBXFileReference section */
		87B4BDBF1F43DAE40099D309 /* CyanTextview.app */ = {isa = PBXFileReference; explicitFileType = wrapper.application; includeInIndex = 0; path = CyanTextview.app; sourceTree = BUILT_PRODUCTS_DIR; };
		87B4BDC31F43DAE40099D309 /* main.m */ = {isa = PBXFileReference; lastKnownFileType = sourcecode.c.objc; path = main.m; sourceTree = "<group>"; };
		87B4BDC51F43DAE40099D309 /* AppDelegate.h */ = {isa = PBXFileReference; lastKnownFileType = sourcecode.c.h; path = AppDelegate.h; sourceTree = "<group>"; };
		87B4BDC61F43DAE40099D309 /* AppDelegate.m */ = {isa = PBXFileReference; lastKnownFileType = sourcecode.c.objc; path = AppDelegate.m; sourceTree = "<group>"; };
		87B4BDC81F43DAE40099D309 /* ViewController.h */ = {isa = PBXFileReference; lastKnownFileType = sourcecode.c.h; path = ViewController.h; sourceTree = "<group>"; };
		87B4BDC91F43DAE40099D309 /* ViewController.m */ = {isa = PBXFileReference; lastKnownFileType = sourcecode.c.objc; path = ViewController.m; sourceTree = "<group>"; };
		87B4BDCC1F43DAE40099D309 /* Base */ = {isa = PBXFileReference; lastKnownFileType = file.storyboard; name = Base; path = Base.lproj/Main.storyboard; sourceTree = "<group>"; };
		87B4BDCE1F43DAE40099D309 /* Assets.xcassets */ = {isa = PBXFileReference; lastKnownFileType = folder.assetcatalog; path = Assets.xcassets; sourceTree = "<group>"; };
		87B4BDD11F43DAE40099D309 /* Base */ = {isa = PBXFileReference; lastKnownFileType = file.storyboard; name = Base; path = Base.lproj/LaunchScreen.storyboard; sourceTree = "<group>"; };
		87B4BDD31F43DAE40099D309 /* Info.plist */ = {isa = PBXFileReference; lastKnownFileType = text.plist.xml; path = Info.plist; sourceTree = "<group>"; };
		87B4BDD91F43DB480099D309 /* ShowCell.h */ = {isa = PBXFileReference; fileEncoding = 4; lastKnownFileType = sourcecode.c.h; path = ShowCell.h; sourceTree = "<group>"; };
		87B4BDDA1F43DB480099D309 /* ShowCell.m */ = {isa = PBXFileReference; fileEncoding = 4; lastKnownFileType = sourcecode.c.objc; path = ShowCell.m; sourceTree = "<group>"; };
		87B4BDDB1F43DB480099D309 /* ShowViewController.h */ = {isa = PBXFileReference; fileEncoding = 4; lastKnownFileType = sourcecode.c.h; path = ShowViewController.h; sourceTree = "<group>"; };
		87B4BDDC1F43DB480099D309 /* ShowViewController.m */ = {isa = PBXFileReference; fileEncoding = 4; lastKnownFileType = sourcecode.c.objc; path = ShowViewController.m; sourceTree = "<group>"; };
		87B4BDDF1F43E1460099D309 /* CYMarkTextView.h */ = {isa = PBXFileReference; fileEncoding = 4; lastKnownFileType = sourcecode.c.h; path = CYMarkTextView.h; sourceTree = "<group>"; };
		87B4BDE01F43E1460099D309 /* CYMarkTextView.m */ = {isa = PBXFileReference; fileEncoding = 4; lastKnownFileType = sourcecode.c.objc; path = CYMarkTextView.m; sourceTree = "<group>"; };
/* End PBXFileReference section */

/* Begin PBXFrameworksBuildPhase section */
		87B4BDBC1F43DAE40099D309 /* Frameworks */ = {
			isa = PBXFrameworksBuildPhase;
			buildActionMask = 2147483647;
			files = (
			);
			runOnlyForDeploymentPostprocessing = 0;
		};
/* End PBXFrameworksBuildPhase section */

/* Begin PBXGroup section */
		87B4BDB61F43DAE40099D309 = {
			isa = PBXGroup;
			children = (
				87B4BDC11F43DAE40099D309 /* CyanTextview */,
				87B4BDC01F43DAE40099D309 /* Products */,
			);
			sourceTree = "<group>";
		};
		87B4BDC01F43DAE40099D309 /* Products */ = {
			isa = PBXGroup;
			children = (
				87B4BDBF1F43DAE40099D309 /* CyanTextview.app */,
			);
			name = Products;
			sourceTree = "<group>";
		};
		87B4BDC11F43DAE40099D309 /* CyanTextview */ = {
			isa = PBXGroup;
			children = (
				87B4BDC51F43DAE40099D309 /* AppDelegate.h */,
				87B4BDC61F43DAE40099D309 /* AppDelegate.m */,
				87B4BDC81F43DAE40099D309 /* ViewController.h */,
				87B4BDC91F43DAE40099D309 /* ViewController.m */,
				87B4BDDF1F43E1460099D309 /* CYMarkTextView.h */,
				87B4BDE01F43E1460099D309 /* CYMarkTextView.m */,
				87B4BDD91F43DB480099D309 /* ShowCell.h */,
				87B4BDDA1F43DB480099D309 /* ShowCell.m */,
				87B4BDDB1F43DB480099D309 /* ShowViewController.h */,
				87B4BDDC1F43DB480099D309 /* ShowViewController.m */,
				87B4BDCB1F43DAE40099D309 /* Main.storyboard */,
				87B4BDCE1F43DAE40099D309 /* Assets.xcassets */,
				87B4BDD01F43DAE40099D309 /* LaunchScreen.storyboard */,
				87B4BDD31F43DAE40099D309 /* Info.plist */,
				87B4BDC21F43DAE40099D309 /* Supporting Files */,
			);
			path = CyanTextview;
			sourceTree = "<group>";
		};
		87B4BDC21F43DAE40099D309 /* Supporting Files */ = {
			isa = PBXGroup;
			children = (
				87B4BDC31F43DAE40099D309 /* main.m */,
			);
			name = "Supporting Files";
			sourceTree = "<group>";
		};
/* End PBXGroup section */

/* Begin PBXNativeTarget section */
		87B4BDBE1F43DAE40099D309 /* CyanTextview */ = {
			isa = PBXNativeTarget;
			buildConfigurationList = 87B4BDD61F43DAE40099D309 /* Build configuration list for PBXNativeTarget "CyanTextview" */;
			buildPhases = (
				87B4BDBB1F43DAE40099D309 /* Sources */,
				87B4BDBC1F43DAE40099D309 /* Frameworks */,
				87B4BDBD1F43DAE40099D309 /* Resources */,
			);
			buildRules = (
			);
			dependencies = (
			);
			name = CyanTextview;
			productName = CyanTextview;
			productReference = 87B4BDBF1F43DAE40099D309 /* CyanTextview.app */;
			productType = "com.apple.product-type.application";
		};
/* End PBXNativeTarget section */

/* Begin PBXProject section */
		87B4BDB71F43DAE40099D309 /* Project object */ = {
			isa = PBXProject;
			attributes = {
				LastUpgradeCheck = 0830;
				ORGANIZATIONNAME = cyan;
				TargetAttributes = {
					87B4BDBE1F43DAE40099D309 = {
						CreatedOnToolsVersion = 8.3.2;
						ProvisioningStyle = Automatic;
					};
				};
			};
			buildConfigurationList = 87B4BDBA1F43DAE40099D309 /* Build configuration list for PBXProject "CyanTextview" */;
			compatibilityVersion = "Xcode 3.2";
			developmentRegion = English;
			hasScannedForEncodings = 0;
			knownRegions = (
				en,
				Base,
			);
			mainGroup = 87B4BDB61F43DAE40099D309;
			productRefGroup = 87B4BDC01F43DAE40099D309 /* Products */;
			projectDirPath = "";
			projectRoot = "";
			targets = (
				87B4BDBE1F43DAE40099D309 /* CyanTextview */,
			);
		};
/* End PBXProject section */

/* Begin PBXResourcesBuildPhase section */
		87B4BDBD1F43DAE40099D309 /* Resources */ = {
			isa = PBXResourcesBuildPhase;
			buildActionMask = 2147483647;
			files = (
				87B4BDD21F43DAE40099D309 /* LaunchScreen.storyboard in Resources */,
				87B4BDCF1F43DAE40099D309 /* Assets.xcassets in Resources */,
				87B4BDCD1F43DAE40099D309 /* Main.storyboard in Resources */,
			);
			runOnlyForDeploymentPostprocessing = 0;
		};
/* End PBXResourcesBuildPhase section */

/* Begin PBXSourcesBuildPhase section */
		87B4BDBB1F43DAE40099D309 /* Sources */ = {
			isa = PBXSourcesBuildPhase;
			buildActionMask = 2147483647;
			files = (
				87B4BDCA1F43DAE40099D309 /* ViewController.m in Sources */,
				87B4BDDE1F43DB480099D309 /* ShowViewController.m in Sources */,
				87B4BDE11F43E1460099D309 /* CYMarkTextView.m in Sources */,
				87B4BDC71F43DAE40099D309 /* AppDelegate.m in Sources */,
				87B4BDDD1F43DB480099D309 /* ShowCell.m in Sources */,
				87B4BDC41F43DAE40099D309 /* main.m in Sources */,
			);
			runOnlyForDeploymentPostprocessing = 0;
		};
/* End PBXSourcesBuildPhase section */

/* Begin PBXVariantGroup section */
		87B4BDCB1F43DAE40099D309 /* Main.storyboard */ = {
			isa = PBXVariantGroup;
			children = (
				87B4BDCC1F43DAE40099D309 /* Base */,
			);
			name = Main.storyboard;
			sourceTree = "<group>";
		};
		87B4BDD01F43DAE40099D309 /* LaunchScreen.storyboard */ = {
			isa = PBXVariantGroup;
			children = (
				87B4BDD11F43DAE40099D309 /* Base */,
			);
			name = LaunchScreen.storyboard;
			sourceTree = "<group>";
		};
/* End PBXVariantGroup section */

/* Begin XCBuildConfiguration section */
		87B4BDD41F43DAE40099D309 /* Debug */ = {
			isa = XCBuildConfiguration;
			buildSettings = {
				ALWAYS_SEARCH_USER_PATHS = NO;
				CLANG_ANALYZER_NONNULL = YES;
				CLANG_ANALYZER_NUMBER_OBJECT_CONVERSION = YES_AGGRESSIVE;
				CLANG_CXX_LANGUAGE_STANDARD = "gnu++0x";
				CLANG_CXX_LIBRARY = "libc++";
				CLANG_ENABLE_MODULES = YES;
				CLANG_ENABLE_OBJC_ARC = YES;
				CLANG_WARN_BOOL_CONVERSION = YES;
				CLANG_WARN_CONSTANT_CONVERSION = YES;
				CLANG_WARN_DIRECT_OBJC_ISA_USAGE = YES_ERROR;
				CLANG_WARN_DOCUMENTATION_COMMENTS = YES;
				CLANG_WARN_EMPTY_BODY = YES;
				CLANG_WARN_ENUM_CONVERSION = YES;
				CLANG_WARN_INFINITE_RECURSION = YES;
				CLANG_WARN_INT_CONVERSION = YES;
				CLANG_WARN_OBJC_ROOT_CLASS = YES_ERROR;
				CLANG_WARN_SUSPICIOUS_MOVE = YES;
				CLANG_WARN_UNREACHABLE_CODE = YES;
				CLANG_WARN__DUPLICATE_METHOD_MATCH = YES;
				"CODE_SIGN_IDENTITY[sdk=iphoneos*]" = "iPhone Developer";
				COPY_PHASE_STRIP = NO;
				DEBUG_INFORMATION_FORMAT = dwarf;
				ENABLE_STRICT_OBJC_MSGSEND = YES;
				ENABLE_TESTABILITY = YES;
				GCC_C_LANGUAGE_STANDARD = gnu99;
				GCC_DYNAMIC_NO_PIC = NO;
				GCC_NO_COMMON_BLOCKS = YES;
				GCC_OPTIMIZATION_LEVEL = 0;
				GCC_PREPROCESSOR_DEFINITIONS = (
					"DEBUG=1",
					"$(inherited)",
				);
				GCC_WARN_64_TO_32_BIT_CONVERSION = YES;
				GCC_WARN_ABOUT_RETURN_TYPE = YES_ERROR;
				GCC_WARN_UNDECLARED_SELECTOR = YES;
				GCC_WARN_UNINITIALIZED_AUTOS = YES_AGGRESSIVE;
				GCC_WARN_UNUSED_FUNCTION = YES;
				GCC_WARN_UNUSED_VARIABLE = YES;
				IPHONEOS_DEPLOYMENT_TARGET = 10.3;
				MTL_ENABLE_DEBUG_INFO = YES;
				ONLY_ACTIVE_ARCH = YES;
				SDKROOT = iphoneos;
				TARGETED_DEVICE_FAMILY = "1,2";
			};
			name = Debug;
		};
		87B4BDD51F43DAE40099D309 /* Release */ = {
			isa = XCBuildConfiguration;
			buildSettings = {
				ALWAYS_SEARCH_USER_PATHS = NO;
				CLANG_ANALYZER_NONNULL = YES;
				CLANG_ANALYZER_NUMBER_OBJECT_CONVERSION = YES_AGGRESSIVE;
				CLANG_CXX_LANGUAGE_STANDARD = "gnu++0x";
				CLANG_CXX_LIBRARY = "libc++";
				CLANG_ENABLE_MODULES = YES;
				CLANG_ENABLE_OBJC_ARC = YES;
				CLANG_WARN_BOOL_CONVERSION = YES;
				CLANG_WARN_CONSTANT_CONVERSION = YES;
				CLANG_WARN_DIRECT_OBJC_ISA_USAGE = YES_ERROR;
				CLANG_WARN_DOCUMENTATION_COMMENTS = YES;
				CLANG_WARN_EMPTY_BODY = YES;
				CLANG_WARN_ENUM_CONVERSION = YES;
				CLANG_WARN_INFINITE_RECURSION = YES;
				CLANG_WARN_INT_CONVERSION = YES;
				CLANG_WARN_OBJC_ROOT_CLASS = YES_ERROR;
				CLANG_WARN_SUSPICIOUS_MOVE = YES;
				CLANG_WARN_UNREACHABLE_CODE = YES;
				CLANG_WARN__DUPLICATE_METHOD_MATCH = YES;
				"CODE_SIGN_IDENTITY[sdk=iphoneos*]" = "iPhone Developer";
				COPY_PHASE_STRIP = NO;
				DEBUG_INFORMATION_FORMAT = "dwarf-with-dsym";
				ENABLE_NS_ASSERTIONS = NO;
				ENABLE_STRICT_OBJC_MSGSEND = YES;
				GCC_C_LANGUAGE_STANDARD = gnu99;
				GCC_NO_COMMON_BLOCKS = YES;
				GCC_WARN_64_TO_32_BIT_CONVERSION = YES;
				GCC_WARN_ABOUT_RETURN_TYPE = YES_ERROR;
				GCC_WARN_UNDECLARED_SELECTOR = YES;
				GCC_WARN_UNINITIALIZED_AUTOS = YES_AGGRESSIVE;
				GCC_WARN_UNUSED_FUNCTION = YES;
				GCC_WARN_UNUSED_VARIABLE = YES;
				IPHONEOS_DEPLOYMENT_TARGET = 10.3;
				MTL_ENABLE_DEBUG_INFO = NO;
				SDKROOT = iphoneos;
				TARGETED_DEVICE_FAMILY = "1,2";
				VALIDATE_PRODUCT = YES;
			};
			name = Release;
		};
		87B4BDD71F43DAE40099D309 /* Debug */ = {
			isa = XCBuildConfiguration;
			buildSettings = {
				ASSETCATALOG_COMPILER_APPICON_NAME = AppIcon;
				INFOPLIST_FILE = CyanTextview/Info.plist;
				LD_RUNPATH_SEARCH_PATHS = "$(inherited) @executable_path/Frameworks";
				PRODUCT_BUNDLE_IDENTIFIER = www.cyan.com.CyanTextview;
				PRODUCT_NAME = "$(TARGET_NAME)";
			};
			name = Debug;
		};
		87B4BDD81F43DAE40099D309 /* Release */ = {
			isa = XCBuildConfiguration;
			buildSettings = {
				ASSETCATALOG_COMPILER_APPICON_NAME = AppIcon;
				INFOPLIST_FILE = CyanTextview/Info.plist;
				LD_RUNPATH_SEARCH_PATHS = "$(inherited) @executable_path/Frameworks";
				PRODUCT_BUNDLE_IDENTIFIER = www.cyan.com.CyanTextview;
				PRODUCT_NAME = "$(TARGET_NAME)";
			};
			name = Release;
		};
/* End XCBuildConfiguration section */

/* Begin XCConfigurationList section */
		87B4BDBA1F43DAE40099D309 /* Build configuration list for PBXProject "CyanTextview" */ = {
			isa = XCConfigurationList;
			buildConfigurations = (
				87B4BDD41F43DAE40099D309 /* Debug */,
				87B4BDD51F43DAE40099D309 /* Release */,
			);
			defaultConfigurationIsVisible = 0;
			defaultConfigurationName = Release;
		};
		87B4BDD61F43DAE40099D309 /* Build configuration list for PBXNativeTarget "CyanTextview" */ = {
			isa = XCConfigurationList;
			buildConfigurations = (
				87B4BDD71F43DAE40099D309 /* Debug */,
				87B4BDD81F43DAE40099D309 /* Release */,
			);
			defaultConfigurationIsVisible = 0;
		};
/* End XCConfigurationList section */
	};
	rootObject = 87B4BDB71F43DAE40099D309 /* Project object */;
}
